PODS:
  - Capacitor (7.4.0):
    - CapacitorCordova
  - CapacitorApp (7.0.1):
    - Capacitor
  - CapacitorCordova (7.4.0)
  - CapacitorPluginSafeArea (4.0.0):
    - Capacitor

DEPENDENCIES:
  - "Capacitor (from `../../node_modules/@capacitor/ios`)"
  - "CapacitorApp (from `../../node_modules/@capacitor/app`)"
  - "CapacitorCordova (from `../../node_modules/@capacitor/ios`)"
  - CapacitorPluginSafeArea (from `../../node_modules/capacitor-plugin-safe-area`)

EXTERNAL SOURCES:
  Capacitor:
    :path: "../../node_modules/@capacitor/ios"
  CapacitorApp:
    :path: "../../node_modules/@capacitor/app"
  CapacitorCordova:
    :path: "../../node_modules/@capacitor/ios"
  CapacitorPluginSafeArea:
    :path: "../../node_modules/capacitor-plugin-safe-area"

SPEC CHECKSUMS:
  Capacitor: 10feab36396883c55373328124a677f118cd4b5f
  CapacitorApp: febecbb9582cb353aed037e18ec765141f880fe9
  CapacitorCordova: 723e017d8a80ab2ede9959fbe37556c35ac860d5
  CapacitorPluginSafeArea: 22031c3436269ca80fac90ec2c94bc7c1e59a81d

PODFILE CHECKSUM: a7055a363591026ba82848c336e40447e06419ee

COCOAPODS: 1.16.2
